
Microsoft Visual Studio Solution File, Format Version 12.00
# Visual Studio Version 17
VisualStudioVersion = 17.9.34407.89
MinimumVisualStudioVersion = 10.0.40219.1
Project("{9A19103F-16F7-4668-BE54-9A1E7A4F7556}") = "BlazorWasm.MissingHistoricalRecords", "BlazorWasm.MissingHistoricalRecords\BlazorWasm.MissingHistoricalRecords.csproj", "{8A28CA8E-2D34-40A0-A84F-2F6DBF992A9F}"
EndProject
Global
	GlobalSection(SolutionConfigurationPlatforms) = preSolution
		Debug|Any CPU = Debug|Any CPU
		Release|Any CPU = Release|Any CPU
	EndGlobalSection
	GlobalSection(ProjectConfigurationPlatforms) = postSolution
		{8A28CA8E-2D34-40A0-A84F-2F6DBF992A9F}.Debug|Any CPU.ActiveCfg = Debug|Any CPU
		{8A28CA8E-2D34-40A0-A84F-2F6DBF992A9F}.Debug|Any CPU.Build.0 = Debug|Any CPU
		{8A28CA8E-2D34-40A0-A84F-2F6DBF992A9F}.Release|Any CPU.ActiveCfg = Release|Any CPU
		{8A28CA8E-2D34-40A0-A84F-2F6DBF992A9F}.Release|Any CPU.Build.0 = Release|Any CPU
	EndGlobalSection
	GlobalSection(SolutionProperties) = preSolution
		HideSolutionNode = FALSE
	EndGlobalSection
	GlobalSection(ExtensibilityGlobals) = postSolution
		SolutionGuid = {956619D7-A760-450D-ACE6-01049E94E2E6}
	EndGlobalSection
EndGlobal
